
Microsoft Visual Studio Solution File, Format Version 12.00
# Visual Studio Version 16
VisualStudioVersion = 16.0.28803.352
MinimumVisualStudioVersion = 10.0.40219.1
Project("{FAE04EC0-301F-11D3-BF4B-00C04F79EFBC}") = "BiliBili.UWP", "BiliBili.UWP\BiliBili.UWP.csproj", "{B6506127-B7E6-4C7E-9FFA-73B90F5E8623}"
EndProject
Project("{FAE04EC0-301F-11D3-BF4B-00C04F79EFBC}") = "BiliBili.Background", "BiliBili.Background\BiliBili.Background.csproj", "{E3691422-CBFD-4DF9-827B-77D195731EEC}"
EndProject
Project("{FAE04EC0-301F-11D3-BF4B-00C04F79EFBC}") = "BiliBili.JSBridge", "BiliBili.JSBridge\BiliBili.JSBridge.csproj", "{0839991C-F5EB-4181-98E0-AE81A5F5BE1A}"
EndProject
Global
	GlobalSection(SolutionConfigurationPlatforms) = preSolution
		Debug|Any CPU = Debug|Any CPU
		Debug|ARM = Debug|ARM
		Debug|ARM64 = Debug|ARM64
		Debug|x64 = Debug|x64
		Debug|x86 = Debug|x86
		Release|Any CPU = Release|Any CPU
		Release|ARM = Release|ARM
		Release|ARM64 = Release|ARM64
		Release|x64 = Release|x64
		Release|x86 = Release|x86
	EndGlobalSection
	GlobalSection(ProjectConfigurationPlatforms) = postSolution
		{B6506127-B7E6-4C7E-9FFA-73B90F5E8623}.Debug|Any CPU.ActiveCfg = Debug|x86
		{B6506127-B7E6-4C7E-9FFA-73B90F5E8623}.Debug|Any CPU.Build.0 = Debug|x86
		{B6506127-B7E6-4C7E-9FFA-73B90F5E8623}.Debug|Any CPU.Deploy.0 = Debug|x86
		{B6506127-B7E6-4C7E-9FFA-73B90F5E8623}.Debug|ARM.ActiveCfg = Debug|ARM
		{B6506127-B7E6-4C7E-9FFA-73B90F5E8623}.Debug|ARM.Build.0 = Debug|ARM
		{B6506127-B7E6-4C7E-9FFA-73B90F5E8623}.Debug|ARM.Deploy.0 = Debug|ARM
		{B6506127-B7E6-4C7E-9FFA-73B90F5E8623}.Debug|ARM64.ActiveCfg = Debug|x86
		{B6506127-B7E6-4C7E-9FFA-73B90F5E8623}.Debug|x64.ActiveCfg = Debug|x64
		{B6506127-B7E6-4C7E-9FFA-73B90F5E8623}.Debug|x64.Build.0 = Debug|x64
		{B6506127-B7E6-4C7E-9FFA-73B90F5E8623}.Debug|x64.Deploy.0 = Debug|x64
		{B6506127-B7E6-4C7E-9FFA-73B90F5E8623}.Debug|x86.ActiveCfg = Debug|x86
		{B6506127-B7E6-4C7E-9FFA-73B90F5E8623}.Debug|x86.Build.0 = Debug|x86
		{B6506127-B7E6-4C7E-9FFA-73B90F5E8623}.Debug|x86.Deploy.0 = Debug|x86
		{B6506127-B7E6-4C7E-9FFA-73B90F5E8623}.Release|Any CPU.ActiveCfg = Release|x86
		{B6506127-B7E6-4C7E-9FFA-73B90F5E8623}.Release|ARM.ActiveCfg = Release|ARM
		{B6506127-B7E6-4C7E-9FFA-73B90F5E8623}.Release|ARM.Build.0 = Release|ARM
		{B6506127-B7E6-4C7E-9FFA-73B90F5E8623}.Release|ARM.Deploy.0 = Release|ARM
		{B6506127-B7E6-4C7E-9FFA-73B90F5E8623}.Release|ARM64.ActiveCfg = Release|x86
		{B6506127-B7E6-4C7E-9FFA-73B90F5E8623}.Release|x64.ActiveCfg = Release|x64
		{B6506127-B7E6-4C7E-9FFA-73B90F5E8623}.Release|x64.Build.0 = Release|x64
		{B6506127-B7E6-4C7E-9FFA-73B90F5E8623}.Release|x64.Deploy.0 = Release|x64
		{B6506127-B7E6-4C7E-9FFA-73B90F5E8623}.Release|x86.ActiveCfg = Release|x86
		{B6506127-B7E6-4C7E-9FFA-73B90F5E8623}.Release|x86.Build.0 = Release|x86
		{B6506127-B7E6-4C7E-9FFA-73B90F5E8623}.Release|x86.Deploy.0 = Release|x86
		{E3691422-CBFD-4DF9-827B-77D195731EEC}.Debug|Any CPU.ActiveCfg = Debug|Any CPU
		{E3691422-CBFD-4DF9-827B-77D195731EEC}.Debug|Any CPU.Build.0 = Debug|Any CPU
		{E3691422-CBFD-4DF9-827B-77D195731EEC}.Debug|ARM.ActiveCfg = Debug|ARM
		{E3691422-CBFD-4DF9-827B-77D195731EEC}.Debug|ARM.Build.0 = Debug|ARM
		{E3691422-CBFD-4DF9-827B-77D195731EEC}.Debug|ARM64.ActiveCfg = Debug|Any CPU
		{E3691422-CBFD-4DF9-827B-77D195731EEC}.Debug|ARM64.Build.0 = Debug|Any CPU
		{E3691422-CBFD-4DF9-827B-77D195731EEC}.Debug|x64.ActiveCfg = Debug|x64
		{E3691422-CBFD-4DF9-827B-77D195731EEC}.Debug|x64.Build.0 = Debug|x64
		{E3691422-CBFD-4DF9-827B-77D195731EEC}.Debug|x86.ActiveCfg = Debug|x86
		{E3691422-CBFD-4DF9-827B-77D195731EEC}.Debug|x86.Build.0 = Debug|x86
		{E3691422-CBFD-4DF9-827B-77D195731EEC}.Release|Any CPU.ActiveCfg = Release|Any CPU
		{E3691422-CBFD-4DF9-827B-77D195731EEC}.Release|Any CPU.Build.0 = Release|Any CPU
		{E3691422-CBFD-4DF9-827B-77D195731EEC}.Release|ARM.ActiveCfg = Release|ARM
		{E3691422-CBFD-4DF9-827B-77D195731EEC}.Release|ARM.Build.0 = Release|ARM
		{E3691422-CBFD-4DF9-827B-77D195731EEC}.Release|ARM64.ActiveCfg = Release|Any CPU
		{E3691422-CBFD-4DF9-827B-77D195731EEC}.Release|ARM64.Build.0 = Release|Any CPU
		{E3691422-CBFD-4DF9-827B-77D195731EEC}.Release|x64.ActiveCfg = Release|x64
		{E3691422-CBFD-4DF9-827B-77D195731EEC}.Release|x64.Build.0 = Release|x64
		{E3691422-CBFD-4DF9-827B-77D195731EEC}.Release|x86.ActiveCfg = Release|x86
		{E3691422-CBFD-4DF9-827B-77D195731EEC}.Release|x86.Build.0 = Release|x86
		{0839991C-F5EB-4181-98E0-AE81A5F5BE1A}.Debug|Any CPU.ActiveCfg = Debug|Any CPU
		{0839991C-F5EB-4181-98E0-AE81A5F5BE1A}.Debug|Any CPU.Build.0 = Debug|Any CPU
		{0839991C-F5EB-4181-98E0-AE81A5F5BE1A}.Debug|ARM.ActiveCfg = Debug|ARM
		{0839991C-F5EB-4181-98E0-AE81A5F5BE1A}.Debug|ARM.Build.0 = Debug|ARM
		{0839991C-F5EB-4181-98E0-AE81A5F5BE1A}.Debug|ARM64.ActiveCfg = Debug|Any CPU
		{0839991C-F5EB-4181-98E0-AE81A5F5BE1A}.Debug|ARM64.Build.0 = Debug|Any CPU
		{0839991C-F5EB-4181-98E0-AE81A5F5BE1A}.Debug|x64.ActiveCfg = Debug|x64
		{0839991C-F5EB-4181-98E0-AE81A5F5BE1A}.Debug|x64.Build.0 = Debug|x64
		{0839991C-F5EB-4181-98E0-AE81A5F5BE1A}.Debug|x86.ActiveCfg = Debug|x86
		{0839991C-F5EB-4181-98E0-AE81A5F5BE1A}.Debug|x86.Build.0 = Debug|x86
		{0839991C-F5EB-4181-98E0-AE81A5F5BE1A}.Release|Any CPU.ActiveCfg = Release|Any CPU
		{0839991C-F5EB-4181-98E0-AE81A5F5BE1A}.Release|Any CPU.Build.0 = Release|Any CPU
		{0839991C-F5EB-4181-98E0-AE81A5F5BE1A}.Release|ARM.ActiveCfg = Release|ARM
		{0839991C-F5EB-4181-98E0-AE81A5F5BE1A}.Release|ARM.Build.0 = Release|ARM
		{0839991C-F5EB-4181-98E0-AE81A5F5BE1A}.Release|ARM64.ActiveCfg = Release|Any CPU
		{0839991C-F5EB-4181-98E0-AE81A5F5BE1A}.Release|ARM64.Build.0 = Release|Any CPU
		{0839991C-F5EB-4181-98E0-AE81A5F5BE1A}.Release|x64.ActiveCfg = Release|x64
		{0839991C-F5EB-4181-98E0-AE81A5F5BE1A}.Release|x64.Build.0 = Release|x64
		{0839991C-F5EB-4181-98E0-AE81A5F5BE1A}.Release|x86.ActiveCfg = Release|x86
		{0839991C-F5EB-4181-98E0-AE81A5F5BE1A}.Release|x86.Build.0 = Release|x86
	EndGlobalSection
	GlobalSection(SolutionProperties) = preSolution
		HideSolutionNode = FALSE
	EndGlobalSection
	GlobalSection(ExtensibilityGlobals) = postSolution
		VisualSVNWorkingCopyRoot = .
		SolutionGuid = {631FAB1A-4EBB-4E8E-AF78-E6162C32A50F}
	EndGlobalSection
EndGlobal
